{
  "name": "practice-app",
  "lockfileVersion": 3,
  "requires": true,
  "packages": {
    "": {
      "dependencies": {
        "themekit": "^2.1.0"
      }
    },
    "node_modules/@claviska/jquery-minicolors": {
      "version": "2.3.6",
      "resolved": "https://registry.npmjs.org/@claviska/jquery-minicolors/-/jquery-minicolors-2.3.6.tgz",
      "integrity": "sha512-8Ro6D4GCrmOl41+6w4NFhEOpx8vjxwVRI69bulXsFDt49uVRKhLU5TnzEV7AmOJrylkVq+ugnYNMiGHBieeKUQ==",
      "peerDependencies": {
        "jquery": ">= 1.7.x"
      }
    },
    "node_modules/amcharts3": {
      "version": "3.21.15",
      "resolved": "https://registry.npmjs.org/amcharts3/-/amcharts3-3.21.15.tgz",
      "integrity": "sha512-t7/RA0iuDXN2QAneUThW87DbCnSUBYFWxSr2Hsd/+sPvfG0aqeUXEFpqsozcEl2y2XgCEQJ4jMaZ1X/CoYArGA=="
    },
    "node_modules/ammap3": {
      "version": "3.21.15",
      "resolved": "https://registry.npmjs.org/ammap3/-/ammap3-3.21.15.tgz",
      "integrity": "sha512-85UQsIZ1x6LQWSHE9LXpcoCLUMuxDypdqVXy48wA2uXw+t0pQlfsnRnKi66fL+yWb2GXNecXEAOH2BA44VO/DA=="
    },
    "node_modules/bootstrap": {
      "version": "4.6.2",
      "resolved": "https://registry.npmjs.org/bootstrap/-/bootstrap-4.6.2.tgz",
      "integrity": "sha512-51Bbp/Uxr9aTuy6ca/8FbFloBUJZLHwnhTcnjIeRn2suQWsWzcuJhGjKDB5eppVte/8oCdOL3VuwxvZDUggwGQ==",
      "funding": [
        {
          "type": "github",
          "url": "https://github.com/sponsors/twbs"
        },
        {
          "type": "opencollective",
          "url": "https://opencollective.com/bootstrap"
        }
      ],
      "peerDependencies": {
        "jquery": "1.9.1 - 3",
        "popper.js": "^1.16.1"
      }
    },
    "node_modules/bootstrap-slider": {
      "version": "10.6.2",
      "resolved": "https://registry.npmjs.org/bootstrap-slider/-/bootstrap-slider-10.6.2.tgz",
      "integrity": "sha512-8JTPZB9QVOdrGzYF3YgC3YW6ssfPeBvBwZnXffiZ7YH/zz1D0EKlZvmQsm/w3N0XjVNYQEoQ0ax+jHrErV4K1Q=="
    },
    "node_modules/bootstrap-tagsinput": {
      "version": "0.7.1",
      "resolved": "https://registry.npmjs.org/bootstrap-tagsinput/-/bootstrap-tagsinput-0.7.1.tgz",
      "integrity": "sha512-xSks67GWgXLnmO5gqp788vhh7WoXd9mHj5uKE5zg8rvw3sNYYSCjrSlrPRlPdpYKwmuxeuf2jsNjBSWEucyB1w=="
    },
    "node_modules/c3": {
      "version": "0.6.14",
      "resolved": "https://registry.npmjs.org/c3/-/c3-0.6.14.tgz",
      "integrity": "sha512-ShbGpm2kGVOGaupEif2j+47GXXuv/D4USHpuFYLKp5VyywHGitnT8r7XIsU4n+U2foN/CUQT4nTdkePW89be1g==",
      "dependencies": {
        "d3": "^5.0.0"
      }
    },
    "node_modules/chartist": {
      "version": "0.11.4",
      "resolved": "https://registry.npmjs.org/chartist/-/chartist-0.11.4.tgz",
      "integrity": "sha512-H4AimxaUD738/u9Mq8t27J4lh6STsLi4BQHt65nOtpLk3xyrBPaLiLMrHw7/WV9CmsjGA02WihjuL5qpSagLYw==",
      "engines": {
        "node": ">=4.6.0"
      }
    },
    "node_modules/commander": {
      "version": "2.20.3",
      "resolved": "https://registry.npmjs.org/commander/-/commander-2.20.3.tgz",
      "integrity": "sha512-GpVkmM8vF2vQUkj2LvZmD35JxeJOLCwJ9cUkugyk2nuhbv3+mJvpLYYt+0+USMxE+oj+ey/lJEnhZw75x/OMcQ=="
    },
    "node_modules/d3": {
      "version": "5.16.0",
      "resolved": "https://registry.npmjs.org/d3/-/d3-5.16.0.tgz",
      "integrity": "sha512-4PL5hHaHwX4m7Zr1UapXW23apo6pexCgdetdJ5kTmADpG/7T9Gkxw0M0tf/pjoB63ezCCm0u5UaFYy2aMt0Mcw==",
      "dependencies": {
        "d3-array": "1",
        "d3-axis": "1",
        "d3-brush": "1",
        "d3-chord": "1",
        "d3-collection": "1",
        "d3-color": "1",
        "d3-contour": "1",
        "d3-dispatch": "1",
        "d3-drag": "1",
        "d3-dsv": "1",
        "d3-ease": "1",
        "d3-fetch": "1",
        "d3-force": "1",
        "d3-format": "1",
        "d3-geo": "1",
        "d3-hierarchy": "1",
        "d3-interpolate": "1",
        "d3-path": "1",
        "d3-polygon": "1",
        "d3-quadtree": "1",
        "d3-random": "1",
        "d3-scale": "2",
        "d3-scale-chromatic": "1",
        "d3-selection": "1",
        "d3-shape": "1",
        "d3-time": "1",
        "d3-time-format": "2",
        "d3-timer": "1",
        "d3-transition": "1",
        "d3-voronoi": "1",
        "d3-zoom": "1"
      }
    },
    "node_modules/d3-array": {
      "version": "1.2.4",
      "resolved": "https://registry.npmjs.org/d3-array/-/d3-array-1.2.4.tgz",
      "integrity": "sha512-KHW6M86R+FUPYGb3R5XiYjXPq7VzwxZ22buHhAEVG5ztoEcZZMLov530mmccaqA1GghZArjQV46fuc8kUqhhHw=="
    },
    "node_modules/d3-axis": {
      "version": "1.0.12",
      "resolved": "https://registry.npmjs.org/d3-axis/-/d3-axis-1.0.12.tgz",
      "integrity": "sha512-ejINPfPSNdGFKEOAtnBtdkpr24c4d4jsei6Lg98mxf424ivoDP2956/5HDpIAtmHo85lqT4pruy+zEgvRUBqaQ=="
    },
    "node_modules/d3-brush": {
      "version": "1.1.6",
      "resolved": "https://registry.npmjs.org/d3-brush/-/d3-brush-1.1.6.tgz",
      "integrity": "sha512-7RW+w7HfMCPyZLifTz/UnJmI5kdkXtpCbombUSs8xniAyo0vIbrDzDwUJB6eJOgl9u5DQOt2TQlYumxzD1SvYA==",
      "dependencies": {
        "d3-dispatch": "1",
        "d3-drag": "1",
        "d3-interpolate": "1",
        "d3-selection": "1",
        "d3-transition": "1"
      }
    },
    "node_modules/d3-chord": {
      "version": "1.0.6",
      "resolved": "https://registry.npmjs.org/d3-chord/-/d3-chord-1.0.6.tgz",
      "integrity": "sha512-JXA2Dro1Fxw9rJe33Uv+Ckr5IrAa74TlfDEhE/jfLOaXegMQFQTAgAw9WnZL8+HxVBRXaRGCkrNU7pJeylRIuA==",
      "dependencies": {
        "d3-array": "1",
        "d3-path": "1"
      }
    },
    "node_modules/d3-collection": {
      "version": "1.0.7",
      "resolved": "https://registry.npmjs.org/d3-collection/-/d3-collection-1.0.7.tgz",
      "integrity": "sha512-ii0/r5f4sjKNTfh84Di+DpztYwqKhEyUlKoPrzUFfeSkWxjW49xU2QzO9qrPrNkpdI0XJkfzvmTu8V2Zylln6A=="
    },
    "node_modules/d3-color": {
      "version": "1.4.1",
      "resolved": "https://registry.npmjs.org/d3-color/-/d3-color-1.4.1.tgz",
      "integrity": "sha512-p2sTHSLCJI2QKunbGb7ocOh7DgTAn8IrLx21QRc/BSnodXM4sv6aLQlnfpvehFMLZEfBc6g9pH9SWQccFYfJ9Q=="
    },
    "node_modules/d3-contour": {
      "version": "1.3.2",
      "resolved": "https://registry.npmjs.org/d3-contour/-/d3-contour-1.3.2.tgz",
      "integrity": "sha512-hoPp4K/rJCu0ladiH6zmJUEz6+u3lgR+GSm/QdM2BBvDraU39Vr7YdDCicJcxP1z8i9B/2dJLgDC1NcvlF8WCg==",
      "dependencies": {
        "d3-array": "^1.1.1"
      }
    },
    "node_modules/d3-dispatch": {
      "version": "1.0.6",
      "resolved": "https://registry.npmjs.org/d3-dispatch/-/d3-dispatch-1.0.6.tgz",
      "integrity": "sha512-fVjoElzjhCEy+Hbn8KygnmMS7Or0a9sI2UzGwoB7cCtvI1XpVN9GpoYlnb3xt2YV66oXYb1fLJ8GMvP4hdU1RA=="
    },
    "node_modules/d3-drag": {
      "version": "1.2.5",
      "resolved": "https://registry.npmjs.org/d3-drag/-/d3-drag-1.2.5.tgz",
      "integrity": "sha512-rD1ohlkKQwMZYkQlYVCrSFxsWPzI97+W+PaEIBNTMxRuxz9RF0Hi5nJWHGVJ3Om9d2fRTe1yOBINJyy/ahV95w==",
      "dependencies": {
        "d3-dispatch": "1",
        "d3-selection": "1"
      }
    },
    "node_modules/d3-dsv": {
      "version": "1.2.0",
      "resolved": "https://registry.npmjs.org/d3-dsv/-/d3-dsv-1.2.0.tgz",
      "integrity": "sha512-9yVlqvZcSOMhCYzniHE7EVUws7Fa1zgw+/EAV2BxJoG3ME19V6BQFBwI855XQDsxyOuG7NibqRMTtiF/Qup46g==",
      "dependencies": {
        "commander": "2",
        "iconv-lite": "0.4",
        "rw": "1"
      },
      "bin": {
        "csv2json": "bin/dsv2json",
        "csv2tsv": "bin/dsv2dsv",
        "dsv2dsv": "bin/dsv2dsv",
        "dsv2json": "bin/dsv2json",
        "json2csv": "bin/json2dsv",
        "json2dsv": "bin/json2dsv",
        "json2tsv": "bin/json2dsv",
        "tsv2csv": "bin/dsv2dsv",
        "tsv2json": "bin/dsv2json"
      }
    },
    "node_modules/d3-ease": {
      "version": "1.0.7",
      "resolved": "https://registry.npmjs.org/d3-ease/-/d3-ease-1.0.7.tgz",
      "integrity": "sha512-lx14ZPYkhNx0s/2HX5sLFUI3mbasHjSSpwO/KaaNACweVwxUruKyWVcb293wMv1RqTPZyZ8kSZ2NogUZNcLOFQ=="
    },
    "node_modules/d3-fetch": {
      "version": "1.2.0",
      "resolved": "https://registry.npmjs.org/d3-fetch/-/d3-fetch-1.2.0.tgz",
      "integrity": "sha512-yC78NBVcd2zFAyR/HnUiBS7Lf6inSCoWcSxFfw8FYL7ydiqe80SazNwoffcqOfs95XaLo7yebsmQqDKSsXUtvA==",
      "dependencies": {
        "d3-dsv": "1"
      }
    },
    "node_modules/d3-force": {
      "version": "1.2.1",
      "resolved": "https://registry.npmjs.org/d3-force/-/d3-force-1.2.1.tgz",
      "integrity": "sha512-HHvehyaiUlVo5CxBJ0yF/xny4xoaxFxDnBXNvNcfW9adORGZfyNF1dj6DGLKyk4Yh3brP/1h3rnDzdIAwL08zg==",
      "dependencies": {
        "d3-collection": "1",
        "d3-dispatch": "1",
        "d3-quadtree": "1",
        "d3-timer": "1"
      }
    },
    "node_modules/d3-format": {
      "version": "1.4.5",
      "resolved": "https://registry.npmjs.org/d3-format/-/d3-format-1.4.5.tgz",
      "integrity": "sha512-J0piedu6Z8iB6TbIGfZgDzfXxUFN3qQRMofy2oPdXzQibYGqPB/9iMcxr/TGalU+2RsyDO+U4f33id8tbnSRMQ=="
    },
    "node_modules/d3-geo": {
      "version": "1.12.1",
      "resolved": "https://registry.npmjs.org/d3-geo/-/d3-geo-1.12.1.tgz",
      "integrity": "sha512-XG4d1c/UJSEX9NfU02KwBL6BYPj8YKHxgBEw5om2ZnTRSbIcego6dhHwcxuSR3clxh0EpE38os1DVPOmnYtTPg==",
      "dependencies": {
        "d3-array": "1"
      }
    },
    "node_modules/d3-hierarchy": {
      "version": "1.1.9",
      "resolved": "https://registry.npmjs.org/d3-hierarchy/-/d3-hierarchy-1.1.9.tgz",
      "integrity": "sha512-j8tPxlqh1srJHAtxfvOUwKNYJkQuBFdM1+JAUfq6xqH5eAqf93L7oG1NVqDa4CpFZNvnNKtCYEUC8KY9yEn9lQ=="
    },
    "node_modules/d3-interpolate": {
      "version": "1.4.0",
      "resolved": "https://registry.npmjs.org/d3-interpolate/-/d3-interpolate-1.4.0.tgz",
      "integrity": "sha512-V9znK0zc3jOPV4VD2zZn0sDhZU3WAE2bmlxdIwwQPPzPjvyLkd8B3JUVdS1IDUFDkWZ72c9qnv1GK2ZagTZ8EA==",
      "dependencies": {
        "d3-color": "1"
      }
    },
    "node_modules/d3-path": {
      "version": "1.0.9",
      "resolved": "https://registry.npmjs.org/d3-path/-/d3-path-1.0.9.tgz",
      "integrity": "sha512-VLaYcn81dtHVTjEHd8B+pbe9yHWpXKZUC87PzoFmsFrJqgFwDe/qxfp5MlfsfM1V5E/iVt0MmEbWQ7FVIXh/bg=="
    },
    "node_modules/d3-polygon": {
      "version": "1.0.6",
      "resolved": "https://registry.npmjs.org/d3-polygon/-/d3-polygon-1.0.6.tgz",
      "integrity": "sha512-k+RF7WvI08PC8reEoXa/w2nSg5AUMTi+peBD9cmFc+0ixHfbs4QmxxkarVal1IkVkgxVuk9JSHhJURHiyHKAuQ=="
    },
    "node_modules/d3-quadtree": {
      "version": "1.0.7",
      "resolved": "https://registry.npmjs.org/d3-quadtree/-/d3-quadtree-1.0.7.tgz",
      "integrity": "sha512-RKPAeXnkC59IDGD0Wu5mANy0Q2V28L+fNe65pOCXVdVuTJS3WPKaJlFHer32Rbh9gIo9qMuJXio8ra4+YmIymA=="
    },
    "node_modules/d3-random": {
      "version": "1.1.2",
      "resolved": "https://registry.npmjs.org/d3-random/-/d3-random-1.1.2.tgz",
      "integrity": "sha512-6AK5BNpIFqP+cx/sreKzNjWbwZQCSUatxq+pPRmFIQaWuoD+NrbVWw7YWpHiXpCQ/NanKdtGDuB+VQcZDaEmYQ=="
    },
    "node_modules/d3-scale": {
      "version": "2.2.2",
      "resolved": "https://registry.npmjs.org/d3-scale/-/d3-scale-2.2.2.tgz",
      "integrity": "sha512-LbeEvGgIb8UMcAa0EATLNX0lelKWGYDQiPdHj+gLblGVhGLyNbaCn3EvrJf0A3Y/uOOU5aD6MTh5ZFCdEwGiCw==",
      "dependencies": {
        "d3-array": "^1.2.0",
        "d3-collection": "1",
        "d3-format": "1",
        "d3-interpolate": "1",
        "d3-time": "1",
        "d3-time-format": "2"
      }
    },
    "node_modules/d3-scale-chromatic": {
      "version": "1.5.0",
      "resolved": "https://registry.npmjs.org/d3-scale-chromatic/-/d3-scale-chromatic-1.5.0.tgz",
      "integrity": "sha512-ACcL46DYImpRFMBcpk9HhtIyC7bTBR4fNOPxwVSl0LfulDAwyiHyPOTqcDG1+t5d4P9W7t/2NAuWu59aKko/cg==",
      "dependencies": {
        "d3-color": "1",
        "d3-interpolate": "1"
      }
    },
    "node_modules/d3-selection": {
      "version": "1.4.2",
      "resolved": "https://registry.npmjs.org/d3-selection/-/d3-selection-1.4.2.tgz",
      "integrity": "sha512-SJ0BqYihzOjDnnlfyeHT0e30k0K1+5sR3d5fNueCNeuhZTnGw4M4o8mqJchSwgKMXCNFo+e2VTChiSJ0vYtXkg=="
    },
    "node_modules/d3-shape": {
      "version": "1.3.7",
      "resolved": "https://registry.npmjs.org/d3-shape/-/d3-shape-1.3.7.tgz",
      "integrity": "sha512-EUkvKjqPFUAZyOlhY5gzCxCeI0Aep04LwIRpsZ/mLFelJiUfnK56jo5JMDSE7yyP2kLSb6LtF+S5chMk7uqPqw==",
      "dependencies": {
        "d3-path": "1"
      }
    },
    "node_modules/d3-time": {
      "version": "1.1.0",
      "resolved": "https://registry.npmjs.org/d3-time/-/d3-time-1.1.0.tgz",
      "integrity": "sha512-Xh0isrZ5rPYYdqhAVk8VLnMEidhz5aP7htAADH6MfzgmmicPkTo8LhkLxci61/lCB7n7UmE3bN0leRt+qvkLxA=="
    },
    "node_modules/d3-time-format": {
      "version": "2.3.0",
      "resolved": "https://registry.npmjs.org/d3-time-format/-/d3-time-format-2.3.0.tgz",
      "integrity": "sha512-guv6b2H37s2Uq/GefleCDtbe0XZAuy7Wa49VGkPVPMfLL9qObgBST3lEHJBMUp8S7NdLQAGIvr2KXk8Hc98iKQ==",
      "dependencies": {
        "d3-time": "1"
      }
    },
    "node_modules/d3-timer": {
      "version": "1.0.10",
      "resolved": "https://registry.npmjs.org/d3-timer/-/d3-timer-1.0.10.tgz",
      "integrity": "sha512-B1JDm0XDaQC+uvo4DT79H0XmBskgS3l6Ve+1SBCfxgmtIb1AVrPIoqd+nPSv+loMX8szQ0sVUhGngL7D5QPiXw=="
    },
    "node_modules/d3-transition": {
      "version": "1.3.2",
      "resolved": "https://registry.npmjs.org/d3-transition/-/d3-transition-1.3.2.tgz",
      "integrity": "sha512-sc0gRU4PFqZ47lPVHloMn9tlPcv8jxgOQg+0zjhfZXMQuvppjG6YuwdMBE0TuqCZjeJkLecku/l9R0JPcRhaDA==",
      "dependencies": {
        "d3-color": "1",
        "d3-dispatch": "1",
        "d3-ease": "1",
        "d3-interpolate": "1",
        "d3-selection": "^1.1.0",
        "d3-timer": "1"
      }
    },
    "node_modules/d3-voronoi": {
      "version": "1.1.4",
      "resolved": "https://registry.npmjs.org/d3-voronoi/-/d3-voronoi-1.1.4.tgz",
      "integrity": "sha512-dArJ32hchFsrQ8uMiTBLq256MpnZjeuBtdHpaDlYuQyjU0CVzCJl/BVW+SkszaAeH95D/8gxqAhgx0ouAWAfRg=="
    },
    "node_modules/d3-zoom": {
      "version": "1.8.3",
      "resolved": "https://registry.npmjs.org/d3-zoom/-/d3-zoom-1.8.3.tgz",
      "integrity": "sha512-VoLXTK4wvy1a0JpH2Il+F2CiOhVu7VRXWF5M/LroMIh3/zBAC3WAt7QoIvPibOavVo20hN6/37vwAsdBejLyKQ==",
      "dependencies": {
        "d3-dispatch": "1",
        "d3-drag": "1",
        "d3-interpolate": "1",
        "d3-selection": "1",
        "d3-transition": "1"
      }
    },
    "node_modules/datatables.net": {
      "version": "1.13.4",
      "resolved": "https://registry.npmjs.org/datatables.net/-/datatables.net-1.13.4.tgz",
      "integrity": "sha512-yzhArTOB6tPO2QFKm1z3hA4vabtt2hRvgw8XLsT1xqEirinfGYqWDiWXlkTPTaJv2e7gG+Kf985sXkzBFlGrGQ==",
      "dependencies": {
        "jquery": ">=1.7"
      }
    },
    "node_modules/datatables.net-bs4": {
      "version": "1.13.4",
      "resolved": "https://registry.npmjs.org/datatables.net-bs4/-/datatables.net-bs4-1.13.4.tgz",
      "integrity": "sha512-xRImAzF0Ra+JYc1oUeZtFv/XzUATk3CUyVSIDr2OYh0FwSTEU48S94bUBiTUJFvzwPFreqcTZb0IyMFWQvI1GA==",
      "dependencies": {
        "datatables.net": ">=1.12.1",
        "jquery": ">=1.7"
      }
    },
    "node_modules/datatables.net-responsive": {
      "version": "2.4.1",
      "resolved": "https://registry.npmjs.org/datatables.net-responsive/-/datatables.net-responsive-2.4.1.tgz",
      "integrity": "sha512-6aGZybNb65lRPtd+hPHRyaBgs7D3R2Hw+RQP7he3qH5BTpMH9BG4FxVvyAud0Q4gyopO9I52uf60p2GT++4qOA==",
      "dependencies": {
        "datatables.net": ">=1.12.1",
        "jquery": ">=1.7"
      }
    },
    "node_modules/datatables.net-responsive-bs4": {
      "version": "2.4.1",
      "resolved": "https://registry.npmjs.org/datatables.net-responsive-bs4/-/datatables.net-responsive-bs4-2.4.1.tgz",
      "integrity": "sha512-CJKfMXYPRds2CaFJdUUU8XmUFHzSswDyaHCunMJ4GkC2GQERzYYBItcHYc87k7s9Ha+A5qHHLVuYkK4L5vfXSg==",
      "dependencies": {
        "datatables.net-bs4": ">=1.12.1",
        "datatables.net-responsive": ">=2.3.0",
        "jquery": ">=1.7"
      }
    },
    "node_modules/datedropper": {
      "version": "2.0.0",
      "resolved": "https://registry.npmjs.org/datedropper/-/datedropper-2.0.0.tgz",
      "integrity": "sha512-GCkSO8A86ic81hJE0dQvJcOzFZh0g3QUpfXZROd8oWTcAdplfhl18D7X4TN9qdCqMPh0Zkit8l2YGtGppBvYXQ=="
    },
    "node_modules/es6-object-assign": {
      "version": "1.1.0",
      "resolved": "https://registry.npmjs.org/es6-object-assign/-/es6-object-assign-1.1.0.tgz",
      "integrity": "sha512-MEl9uirslVwqQU369iHNWZXsI8yaZYGg/D65aOgZkeyFJwHYSxilf7rQzXKI7DdDuBPrBXbfk3sl9hJhmd5AUw=="
    },
    "node_modules/flot-charts": {
      "version": "0.8.3",
      "resolved": "https://registry.npmjs.org/flot-charts/-/flot-charts-0.8.3.tgz",
      "integrity": "sha512-XTk2zQBK8MSKeeWJTqEwUaIj/ZIi4ecSvVzHQaMjYkE4AoLZpo07WTMDfjMk83T2vVGD+ivkg46gvlFyJfeaFQ=="
    },
    "node_modules/flot.curvedlines": {
      "version": "1.1.1",
      "resolved": "https://registry.npmjs.org/flot.curvedlines/-/flot.curvedlines-1.1.1.tgz",
      "integrity": "sha512-B1gDTVJIT0o9sTJJ5KdiaC/q2SY8XYsYCeiOQYyltfSajOfW+pliqAvTfmFAFJfL2lAW+AArfiakAkxZBW15Hg=="
    },
    "node_modules/fullcalendar": {
      "version": "3.10.5",
      "resolved": "https://registry.npmjs.org/fullcalendar/-/fullcalendar-3.10.5.tgz",
      "integrity": "sha512-JGWpECKgza/344bbF5QT0hBJpx04DZ/7QGPlR1ZbAwrG6Yz6mWEkQd+NnZUh1sK6HCBIPnPRW2x53aJxeLGvvQ==",
      "peerDependencies": {
        "jquery": "2 - 3",
        "moment": "^2.20.1"
      }
    },
    "node_modules/icon-kit": {
      "version": "1.0.0",
      "resolved": "https://registry.npmjs.org/icon-kit/-/icon-kit-1.0.0.tgz",
      "integrity": "sha512-LVKkRW4gooAQwi7ZT3S+WiKkQxfwHnVdDvnS5M0EMXfjZlHbImf06aKYSt1bYL4k/hPC8vNacI7G5m2tB4wa4w=="
    },
    "node_modules/iconv-lite": {
      "version": "0.4.24",
      "resolved": "https://registry.npmjs.org/iconv-lite/-/iconv-lite-0.4.24.tgz",
      "integrity": "sha512-v3MXnZAcvnywkTUEZomIActle7RXXeedOR31wwl7VlyoXO4Qi9arvSenNQWne1TcRwhCL1HwLI21bEqdpj8/rA==",
      "dependencies": {
        "safer-buffer": ">= 2.1.2 < 3"
      },
      "engines": {
        "node": ">=0.10.0"
      }
    },
    "node_modules/ionicons": {
      "version": "4.6.3",
      "resolved": "https://registry.npmjs.org/ionicons/-/ionicons-4.6.3.tgz",
      "integrity": "sha512-cgP+VIr2cTJpMfFyVHTerq6n2jeoiGboVoe3GlaAo5zoSBDAEXORwUZhv6m+lCyxlsHCS3nqPUE+MKyZU71t8Q=="
    },
    "node_modules/jquery": {
      "version": "3.7.0",
      "resolved": "https://registry.npmjs.org/jquery/-/jquery-3.7.0.tgz",
      "integrity": "sha512-umpJ0/k8X0MvD1ds0P9SfowREz2LenHsQaxSohMZ5OMNEU2r0tf8pdeEFTHMFxWVxKNyU9rTtK3CWzUCTKJUeQ=="
    },
    "node_modules/jquery-bar-rating": {
      "version": "1.2.2",
      "resolved": "https://registry.npmjs.org/jquery-bar-rating/-/jquery-bar-rating-1.2.2.tgz",
      "integrity": "sha512-0OtYCrgDzyc3FQ6r08Twns35t1bKd4V/9+Nberg3Idg3ZpBw2dVre8Hut0w3sbekm391desWxpbKFKSPzuk81w==",
      "dependencies": {
        "jquery": ">=1.7.2"
      }
    },
    "node_modules/jquery-knob": {
      "version": "1.2.11",
      "resolved": "https://registry.npmjs.org/jquery-knob/-/jquery-knob-1.2.11.tgz",
      "integrity": "sha512-gyeWDmtr2x8XJLSNS2JGNYDUNmfmMrwmFcGPDJ074jnPPvMYf3PJFud4/6AubCT8ahOY7UL4YvALtSwCrxtBBQ=="
    },
    "node_modules/jquery-toast-plugin": {
      "version": "1.3.2",
      "resolved": "https://registry.npmjs.org/jquery-toast-plugin/-/jquery-toast-plugin-1.3.2.tgz",
      "integrity": "sha512-0j/nfqA2FHFuJXp8QL33EVVCY//TDVfq4LULhTbasZYl2aZlX6YiSF5IGrI31dQiS9S4JkXBUfX3rMJcfl/u/g=="
    },
    "node_modules/jquery.flot.tooltip": {
      "version": "0.9.0",
      "resolved": "https://registry.npmjs.org/jquery.flot.tooltip/-/jquery.flot.tooltip-0.9.0.tgz",
      "integrity": "sha512-TV3umIfIPRq1UM0EUY4E/jimrh2j057J6SJB1HQnEeS64r8liec++F0WCNYsmcWDxz6Lo4E2lCA+SeOQS2W3bA=="
    },
    "node_modules/jquery.repeater": {
      "version": "1.2.1",
      "resolved": "https://registry.npmjs.org/jquery.repeater/-/jquery.repeater-1.2.1.tgz",
      "integrity": "sha512-OltR1Z1AwaOsCQFBbfe1h+RnxjAwLrBa9uYkOjuj6DvyEJx0alr0ToCvfbCX1CJqq4vOMfoZUSjjKXBVog0srw=="
    },
    "node_modules/jvectormap": {
      "version": "2.0.4",
      "resolved": "https://registry.npmjs.org/jvectormap/-/jvectormap-2.0.4.tgz",
      "integrity": "sha512-rIgUaNbT6eUuKxba+q265mM3xnjC0hzKlQsM842yKW+o+BMiV1MWUY1YMq+Q+ukyNuGJNRC58EMRnv+/hJSNcQ==",
      "deprecated": "jvectormap is not maintened since Aug 2015. You can use jvectormap-next or jqvmap instead.",
      "dependencies": {
        "jquery": ">=1.5"
      }
    },
    "node_modules/mohithg-switchery": {
      "version": "0.8.4",
      "resolved": "https://registry.npmjs.org/mohithg-switchery/-/mohithg-switchery-0.8.4.tgz",
      "integrity": "sha512-mHy1FbuB3WqVNHxqz/9u1RZyDiDH9pfR7BTorkina6PPIeITtEvW7ADTYD0wgVqnlkJXuiMPeR+YZm1lUrDfkg=="
    },
    "node_modules/moment": {
      "version": "2.29.4",
      "resolved": "https://registry.npmjs.org/moment/-/moment-2.29.4.tgz",
      "integrity": "sha512-5LC9SOxjSc2HF6vO2CyuTDNivEdoz2IvyJJGj6X8DJ0eFyfszE0QiEd+iXmBvUP3WHxSjFH/vIsA0EN00cgr8w==",
      "engines": {
        "node": "*"
      }
    },
    "node_modules/moment-timezone": {
      "version": "0.5.43",
      "resolved": "https://registry.npmjs.org/moment-timezone/-/moment-timezone-0.5.43.tgz",
      "integrity": "sha512-72j3aNyuIsDxdF1i7CEgV2FfxM1r6aaqJyLB2vwb33mXYyoyLly+F1zbWqhA3/bVIoJ4szlUoMbUnVdid32NUQ==",
      "dependencies": {
        "moment": "^2.29.4"
      },
      "engines": {
        "node": "*"
      }
    },
    "node_modules/nestable": {
      "version": "0.2.0",
      "resolved": "https://registry.npmjs.org/nestable/-/nestable-0.2.0.tgz",
      "integrity": "sha512-UbNVe3Dr8ufdoj0gV/DjAmohaOCYG5cYvR30rjaQH2iQdXeVqg51u/frtScj3K/wANio5KSR1Si4VMy0LCzVGw=="
    },
    "node_modules/owl.carousel": {
      "version": "2.3.4",
      "resolved": "https://registry.npmjs.org/owl.carousel/-/owl.carousel-2.3.4.tgz",
      "integrity": "sha512-JaDss9+feAvEW8KZppPSpllfposEzQiW+Ytt/Xm5t/3CTJ7YVmkh6RkWixoA2yXk2boIwedYxOvrrppIGzru9A==",
      "dependencies": {
        "jquery": ">=1.8.3"
      }
    },
    "node_modules/perfect-scrollbar": {
      "version": "1.5.5",
      "resolved": "https://registry.npmjs.org/perfect-scrollbar/-/perfect-scrollbar-1.5.5.tgz",
      "integrity": "sha512-dzalfutyP3e/FOpdlhVryN4AJ5XDVauVWxybSkLZmakFE2sS3y3pc4JnSprw8tGmHvkaG5Edr5T7LBTZ+WWU2g=="
    },
    "node_modules/popper.js": {
      "version": "1.16.1",
      "resolved": "https://registry.npmjs.org/popper.js/-/popper.js-1.16.1.tgz",
      "integrity": "sha512-Wb4p1J4zyFTbM+u6WuO4XstYx4Ky9Cewe4DWrel7B0w6VVICvPwdOpotjzcf6eD8TsckVnIMNONQyPIUFOUbCQ==",
      "deprecated": "You can find the new Popper v2 at @popperjs/core, this package is dedicated to the legacy v1",
      "funding": {
        "type": "opencollective",
        "url": "https://opencollective.com/popperjs"
      }
    },
    "node_modules/promise-polyfill": {
      "version": "6.1.0",
      "resolved": "https://registry.npmjs.org/promise-polyfill/-/promise-polyfill-6.1.0.tgz",
      "integrity": "sha512-g0LWaH0gFsxovsU7R5LrrhHhWAWiHRnh1GPrhXnPgYsDkIqjRYUYSZEsej/wtleDrz5xVSIDbeKfidztp2XHFQ=="
    },
    "node_modules/rw": {
      "version": "1.3.3",
      "resolved": "https://registry.npmjs.org/rw/-/rw-1.3.3.tgz",
      "integrity": "sha512-PdhdWy89SiZogBLaw42zdeqtRJ//zFd2PgQavcICDUgJT5oW10QCRKbJ6bg4r0/UY2M6BWd5tkxuGFRvCkgfHQ=="
    },
    "node_modules/safer-buffer": {
      "version": "2.1.2",
      "resolved": "https://registry.npmjs.org/safer-buffer/-/safer-buffer-2.1.2.tgz",
      "integrity": "sha512-YZo3K82SD7Riyi0E1EQPojLz7kpepnSQI9IyPbHHg1XXXevb5dJI7tpyN2ADxGcQbHG7vcyRHk0cbwqcQriUtg=="
    },
    "node_modules/screenfull": {
      "version": "3.3.3",
      "resolved": "https://registry.npmjs.org/screenfull/-/screenfull-3.3.3.tgz",
      "integrity": "sha512-DzYUuXr+OV2BDvYXaYzlYgJd4WXZZ2CW5NFC7Kw6TUCpzXJAx4MwlVD6CH+Mu6fi8rfAQIQfqdFZ4jtDsEkWig==",
      "engines": {
        "node": ">=0.10.0"
      }
    },
    "node_modules/select2": {
      "version": "4.0.13",
      "resolved": "https://registry.npmjs.org/select2/-/select2-4.0.13.tgz",
      "integrity": "sha512-1JeB87s6oN/TDxQQYCvS5EFoQyvV6eYMZZ0AeA4tdFDYWN3BAGZ8npr17UBFddU0lgAt3H0yjX3X6/ekOj1yjw=="
    },
    "node_modules/summernote": {
      "version": "0.8.20",
      "resolved": "https://registry.npmjs.org/summernote/-/summernote-0.8.20.tgz",
      "integrity": "sha512-W9RhjQjsn+b1s9xiJQgJbCiYGJaDAc9CdEqXo+D13WuStG8lCdtKaO5AiNiSSMJsQJN2EfGSwbBQt+SFE2B8Kw==",
      "hasInstallScript": true
    },
    "node_modules/sweetalert": {
      "version": "2.1.2",
      "resolved": "https://registry.npmjs.org/sweetalert/-/sweetalert-2.1.2.tgz",
      "integrity": "sha512-iWx7X4anRBNDa/a+AdTmvAzQtkN1+s4j/JJRWlHpYE8Qimkohs8/XnFcWeYHH2lMA8LRCa5tj2d244If3S/hzA==",
      "dependencies": {
        "es6-object-assign": "^1.1.0",
        "promise-polyfill": "^6.0.2"
      }
    },
    "node_modules/tempusdominus-bootstrap-4": {
      "version": "5.39.2",
      "resolved": "https://registry.npmjs.org/tempusdominus-bootstrap-4/-/tempusdominus-bootstrap-4-5.39.2.tgz",
      "integrity": "sha512-8Au4miSAsMGdsElPg87EUmsN7aGJFaRA5Y8Ale7dDTfhhnQL1Za53LclIJkq+t/7NO5+Ufr1jY7tmEPvWGHaVg==",
      "dependencies": {
        "bootstrap": "^4.6.1",
        "jquery": "^3.6.0",
        "moment": "^2.29.2",
        "moment-timezone": "^0.5.34",
        "popper.js": "^1.16.1"
      },
      "peerDependencies": {
        "bootstrap": ">=4.5.2",
        "jquery": "^3.5.1",
        "moment": "^2.29.0",
        "moment-timezone": "^0.5.31",
        "popper.js": "^1.16.1",
        "tempusdominus-core": "5.19.3"
      }
    },
    "node_modules/tempusdominus-core": {
      "version": "5.19.3",
      "resolved": "https://registry.npmjs.org/tempusdominus-core/-/tempusdominus-core-5.19.3.tgz",
      "integrity": "sha512-WXBVXcBG/hErB6u9gdUs+vzANvCU1kd1ykzL4kolPB3h1OEv20OKUW5qz1iynxyqRFPa1NWY9gwRu5d+MjXEuQ==",
      "peer": true,
      "dependencies": {
        "jquery": "^3.6.0",
        "moment": "~2.29.2",
        "moment-timezone": "^0.5.34"
      },
      "peerDependencies": {
        "jquery": "^3.0",
        "moment": "^2.29.2",
        "moment-timezone": "^0.5.0"
      }
    },
    "node_modules/themekit": {
      "version": "2.1.0",
      "resolved": "https://registry.npmjs.org/themekit/-/themekit-2.1.0.tgz",
      "integrity": "sha512-/MNckIMuA1PWSKmuCG/HNzUB9gQSWRGzROoBLmI9j0K/OMGOyxIX+Wi48Izg0L4QLrFirMHluAVQ/CpGZu5nbQ==",
      "dependencies": {
        "@claviska/jquery-minicolors": "^2.3.2",
        "amcharts3": "^3.21.14",
        "ammap3": "^3.21.14",
        "bootstrap": "^4.2.1",
        "bootstrap-slider": "^10.3.2",
        "bootstrap-tagsinput": "^0.7.1",
        "c3": "^0.6.8",
        "chartist": "^0.11.0",
        "datatables.net": "^1.10.19",
        "datatables.net-bs4": "^1.10.19",
        "datatables.net-responsive": "^2.2.3",
        "datatables.net-responsive-bs4": "^2.2.3",
        "datedropper": "^2.0.0",
        "flot-charts": "^0.8.3",
        "flot.curvedlines": "^1.1.1",
        "fullcalendar": "^3.9.0",
        "icon-kit": "^1.0.0",
        "ionicons": "^4.4.6",
        "jquery-bar-rating": "^1.2.2",
        "jquery-knob": "^1.2.11",
        "jquery-toast-plugin": "^1.3.2",
        "jquery.flot.tooltip": "^0.9.0",
        "jquery.repeater": "^1.2.1",
        "jvectormap": "^2.0.4",
        "mohithg-switchery": "^0.8.4",
        "moment": "^2.22.2",
        "nestable": "^0.2.0",
        "owl.carousel": "^2.3.*",
        "perfect-scrollbar": "^1.4.*",
        "popper.js": "^1.14.3",
        "screenfull": "^3.3.*",
        "select2": "^4.0.6-rc.1",
        "summernote": "^0.8.10",
        "sweetalert": "^2.1.2",
        "tempusdominus-bootstrap-4": "^5.1.2",
        "weather-icons": "^1.3.2"
      }
    },
    "node_modules/weather-icons": {
      "version": "1.3.2",
      "resolved": "https://registry.npmjs.org/weather-icons/-/weather-icons-1.3.2.tgz",
      "integrity": "sha512-EW/i0gFzlPpyBK29iXtruDw1v9txI4Gjp7q6ikbFTsL6O9gt3yH64/fuMf7wxpj92v5I08JhajBra/wMn715Eg=="
    }
  }
}
